
Microsoft Visual Studio Solution File, Format Version 12.00
# Visual Studio 15
VisualStudioVersion = 15.0.27130.2010
MinimumVisualStudioVersion = 10.0.40219.1
Project("{F184B08F-C81C-45F6-A57F-5ABD9991F28F}") = "HI PI Bye", "HI PI Bye.vbproj", "{45D68687-44A6-4AFB-8EDA-F1E4CB790D87}"
EndProject
Global
	GlobalSection(SolutionConfigurationPlatforms) = preSolution
		Debug|ARM = Debug|ARM
		Debug|x64 = Debug|x64
		Debug|x86 = Debug|x86
		Release|ARM = Release|ARM
		Release|x64 = Release|x64
		Release|x86 = Release|x86
	EndGlobalSection
	GlobalSection(ProjectConfigurationPlatforms) = postSolution
		{45D68687-44A6-4AFB-8EDA-F1E4CB790D87}.Debug|ARM.ActiveCfg = Debug|ARM
		{45D68687-44A6-4AFB-8EDA-F1E4CB790D87}.Debug|ARM.Build.0 = Debug|ARM
		{45D68687-44A6-4AFB-8EDA-F1E4CB790D87}.Debug|ARM.Deploy.0 = Debug|ARM
		{45D68687-44A6-4AFB-8EDA-F1E4CB790D87}.Debug|x64.ActiveCfg = Debug|x64
		{45D68687-44A6-4AFB-8EDA-F1E4CB790D87}.Debug|x64.Build.0 = Debug|x64
		{45D68687-44A6-4AFB-8EDA-F1E4CB790D87}.Debug|x64.Deploy.0 = Debug|x64
		{45D68687-44A6-4AFB-8EDA-F1E4CB790D87}.Debug|x86.ActiveCfg = Debug|x86
		{45D68687-44A6-4AFB-8EDA-F1E4CB790D87}.Debug|x86.Build.0 = Debug|x86
		{45D68687-44A6-4AFB-8EDA-F1E4CB790D87}.Debug|x86.Deploy.0 = Debug|x86
		{45D68687-44A6-4AFB-8EDA-F1E4CB790D87}.Release|ARM.ActiveCfg = Release|ARM
		{45D68687-44A6-4AFB-8EDA-F1E4CB790D87}.Release|ARM.Build.0 = Release|ARM
		{45D68687-44A6-4AFB-8EDA-F1E4CB790D87}.Release|ARM.Deploy.0 = Release|ARM
		{45D68687-44A6-4AFB-8EDA-F1E4CB790D87}.Release|x64.ActiveCfg = Release|x64
		{45D68687-44A6-4AFB-8EDA-F1E4CB790D87}.Release|x64.Build.0 = Release|x64
		{45D68687-44A6-4AFB-8EDA-F1E4CB790D87}.Release|x64.Deploy.0 = Release|x64
		{45D68687-44A6-4AFB-8EDA-F1E4CB790D87}.Release|x86.ActiveCfg = Release|x86
		{45D68687-44A6-4AFB-8EDA-F1E4CB790D87}.Release|x86.Build.0 = Release|x86
		{45D68687-44A6-4AFB-8EDA-F1E4CB790D87}.Release|x86.Deploy.0 = Release|x86
	EndGlobalSection
	GlobalSection(SolutionProperties) = preSolution
		HideSolutionNode = FALSE
	EndGlobalSection
	GlobalSection(ExtensibilityGlobals) = postSolution
		SolutionGuid = {700BEF73-865E-48C8-98E2-09199BA33935}
	EndGlobalSection
EndGlobal
